
Microsoft Visual Studio Solution File, Format Version 12.00
# Visual Studio Version 16
VisualStudioVersion = 16.0.30717.126
MinimumVisualStudioVersion = 10.0.40219.1
Project("{9A19103F-16F7-4668-BE54-9A1E7A4F7556}") = "TweetStats", "TweetStats\TweetStats.csproj", "{B90CB659-9A27-4AF9-9D8F-14441656BEE1}"
EndProject
Project("{E53339B2-1760-4266-BCC7-CA923CBCF16C}") = "docker-compose", "docker-compose.dcproj", "{D1151CEC-81D7-44E3-9BFE-37370194302E}"
EndProject
Project("{FAE04EC0-301F-11D3-BF4B-00C04F79EFBC}") = "TwitterStreamTest", "..\TwitterStreamTest\TwitterStreamTest.csproj", "{50F889A5-486C-4177-8744-E45274947FBD}"
EndProject
Global
	GlobalSection(SolutionConfigurationPlatforms) = preSolution
		Debug|Any CPU = Debug|Any CPU
		Release|Any CPU = Release|Any CPU
	EndGlobalSection
	GlobalSection(ProjectConfigurationPlatforms) = postSolution
		{B90CB659-9A27-4AF9-9D8F-14441656BEE1}.Debug|Any CPU.ActiveCfg = Debug|Any CPU
		{B90CB659-9A27-4AF9-9D8F-14441656BEE1}.Debug|Any CPU.Build.0 = Debug|Any CPU
		{B90CB659-9A27-4AF9-9D8F-14441656BEE1}.Release|Any CPU.ActiveCfg = Release|Any CPU
		{B90CB659-9A27-4AF9-9D8F-14441656BEE1}.Release|Any CPU.Build.0 = Release|Any CPU
		{D1151CEC-81D7-44E3-9BFE-37370194302E}.Debug|Any CPU.ActiveCfg = Debug|Any CPU
		{D1151CEC-81D7-44E3-9BFE-37370194302E}.Debug|Any CPU.Build.0 = Debug|Any CPU
		{D1151CEC-81D7-44E3-9BFE-37370194302E}.Release|Any CPU.ActiveCfg = Release|Any CPU
		{D1151CEC-81D7-44E3-9BFE-37370194302E}.Release|Any CPU.Build.0 = Release|Any CPU
		{50F889A5-486C-4177-8744-E45274947FBD}.Debug|Any CPU.ActiveCfg = Debug|Any CPU
		{50F889A5-486C-4177-8744-E45274947FBD}.Debug|Any CPU.Build.0 = Debug|Any CPU
		{50F889A5-486C-4177-8744-E45274947FBD}.Release|Any CPU.ActiveCfg = Release|Any CPU
		{50F889A5-486C-4177-8744-E45274947FBD}.Release|Any CPU.Build.0 = Release|Any CPU
	EndGlobalSection
	GlobalSection(SolutionProperties) = preSolution
		HideSolutionNode = FALSE
	EndGlobalSection
	GlobalSection(ExtensibilityGlobals) = postSolution
		SolutionGuid = {2C547246-2B5F-447B-8E86-4D82ABDF4FDB}
	EndGlobalSection
EndGlobal
